
Microsoft Visual Studio Solution File, Format Version 12.00
# Visual Studio Version 17
VisualStudioVersion = 17.10.34928.147
MinimumVisualStudioVersion = 10.0.40219.1
Project("{9A19103F-16F7-4668-BE54-9A1E7A4F7556}") = "VagasForDevs", "VagasForDevs.csproj", "{01F315D8-1A04-44D3-A446-3810318C649A}"
EndProject
Global
	GlobalSection(SolutionConfigurationPlatforms) = preSolution
		Debug|Any CPU = Debug|Any CPU
		Release|Any CPU = Release|Any CPU
	EndGlobalSection
	GlobalSection(ProjectConfigurationPlatforms) = postSolution
		{01F315D8-1A04-44D3-A446-3810318C649A}.Debug|Any CPU.ActiveCfg = Debug|Any CPU
		{01F315D8-1A04-44D3-A446-3810318C649A}.Debug|Any CPU.Build.0 = Debug|Any CPU
		{01F315D8-1A04-44D3-A446-3810318C649A}.Release|Any CPU.ActiveCfg = Release|Any CPU
		{01F315D8-1A04-44D3-A446-3810318C649A}.Release|Any CPU.Build.0 = Release|Any CPU
	EndGlobalSection
	GlobalSection(SolutionProperties) = preSolution
		HideSolutionNode = FALSE
	EndGlobalSection
	GlobalSection(ExtensibilityGlobals) = postSolution
		SolutionGuid = {B504C711-D898-44A3-B357-7A60F0C52D78}
	EndGlobalSection
EndGlobal
